// !$*UTF8*$!
{
	archiveVersion = 1;
	classes = {
	};
	objectVersion = 55;
	objects = {

/* Begin PBXBuildFile section */
		8628A1FB26EDFEF70004331B /* CoreDataPracApp.swift in Sources */ = {isa = PBXBuildFile; fileRef = 8628A1FA26EDFEF70004331B /* CoreDataPracApp.swift */; };
		8628A1FD26EDFEF70004331B /* ContentView.swift in Sources */ = {isa = PBXBuildFile; fileRef = 8628A1FC26EDFEF70004331B /* ContentView.swift */; };
		8628A1FF26EDFEFC0004331B /* Assets.xcassets in Resources */ = {isa = PBXBuildFile; fileRef = 8628A1FE26EDFEFC0004331B /* Assets.xcassets */; };
		8628A20226EDFEFC0004331B /* Preview Assets.xcassets in Resources */ = {isa = PBXBuildFile; fileRef = 8628A20126EDFEFC0004331B /* Preview Assets.xcassets */; };
		8628A20426EDFEFC0004331B /* Persistence.swift in Sources */ = {isa = PBXBuildFile; fileRef = 8628A20326EDFEFC0004331B /* Persistence.swift */; };
		8628A20726EDFEFC0004331B /* CoreDataPrac.xcdatamodeld in Sources */ = {isa = PBXBuildFile; fileRef = 8628A20526EDFEFC0004331B /* CoreDataPrac.xcdatamodeld */; };
		8628A21126EDFEFC0004331B /* CoreDataPracTests.swift in Sources */ = {isa = PBXBuildFile; fileRef = 8628A21026EDFEFC0004331B /* CoreDataPracTests.swift */; };
		8628A21B26EDFEFC0004331B /* CoreDataPracUITests.swift in Sources */ = {isa = PBXBuildFile; fileRef = 8628A21A26EDFEFC0004331B /* CoreDataPracUITests.swift */; };
		8628A21D26EDFEFC0004331B /* CoreDataPracUITestsLaunchTests.swift in Sources */ = {isa = PBXBuildFile; fileRef = 8628A21C26EDFEFC0004331B /* CoreDataPracUITestsLaunchTests.swift */; };
		8628A22D26EDFFEC0004331B /* Family+CoreDataClass.swift in Sources */ = {isa = PBXBuildFile; fileRef = 8628A22926EDFFEC0004331B /* Family+CoreDataClass.swift */; };
		8628A22E26EDFFEC0004331B /* Family+CoreDataProperties.swift in Sources */ = {isa = PBXBuildFile; fileRef = 8628A22A26EDFFEC0004331B /* Family+CoreDataProperties.swift */; };
		8628A22F26EDFFEC0004331B /* Person+CoreDataClass.swift in Sources */ = {isa = PBXBuildFile; fileRef = 8628A22B26EDFFEC0004331B /* Person+CoreDataClass.swift */; };
		8628A23026EDFFEC0004331B /* Person+CoreDataProperties.swift in Sources */ = {isa = PBXBuildFile; fileRef = 8628A22C26EDFFEC0004331B /* Person+CoreDataProperties.swift */; };
/* End PBXBuildFile section */

/* Begin PBXContainerItemProxy section */
		8628A20D26EDFEFC0004331B /* PBXContainerItemProxy */ = {
			isa = PBXContainerItemProxy;
			containerPortal = 8628A1EF26EDFEF70004331B /* Project object */;
			proxyType = 1;
			remoteGlobalIDString = 8628A1F626EDFEF70004331B;
			remoteInfo = CoreDataPrac;
		};
		8628A21726EDFEFC0004331B /* PBXContainerItemProxy */ = {
			isa = PBXContainerItemProxy;
			containerPortal = 8628A1EF26EDFEF70004331B /* Project object */;
			proxyType = 1;
			remoteGlobalIDString = 8628A1F626EDFEF70004331B;
			remoteInfo = CoreDataPrac;
		};
/* End PBXContainerItemProxy section */

/* Begin PBXFileReference section */
		8628A1F726EDFEF70004331B /* CoreDataPrac.app */ = {isa = PBXFileReference; explicitFileType = wrapper.application; includeInIndex = 0; path = CoreDataPrac.app; sourceTree = BUILT_PRODUCTS_DIR; };
		8628A1FA26EDFEF70004331B /* CoreDataPracApp.swift */ = {isa = PBXFileReference; lastKnownFileType = sourcecode.swift; path = CoreDataPracApp.swift; sourceTree = "<group>"; };
		8628A1FC26EDFEF70004331B /* ContentView.swift */ = {isa = PBXFileReference; lastKnownFileType = sourcecode.swift; path = ContentView.swift; sourceTree = "<group>"; };
		8628A1FE26EDFEFC0004331B /* Assets.xcassets */ = {isa = PBXFileReference; lastKnownFileType = folder.assetcatalog; path = Assets.xcassets; sourceTree = "<group>"; };
		8628A20126EDFEFC0004331B /* Preview Assets.xcassets */ = {isa = PBXFileReference; lastKnownFileType = folder.assetcatalog; path = "Preview Assets.xcassets"; sourceTree = "<group>"; };
		8628A20326EDFEFC0004331B /* Persistence.swift */ = {isa = PBXFileReference; lastKnownFileType = sourcecode.swift; path = Persistence.swift; sourceTree = "<group>"; };
		8628A20626EDFEFC0004331B /* CoreDataPrac.xcdatamodel */ = {isa = PBXFileReference; lastKnownFileType = wrapper.xcdatamodel; path = CoreDataPrac.xcdatamodel; sourceTree = "<group>"; };
		8628A20C26EDFEFC0004331B /* CoreDataPracTests.xctest */ = {isa = PBXFileReference; explicitFileType = wrapper.cfbundle; includeInIndex = 0; path = CoreDataPracTests.xctest; sourceTree = BUILT_PRODUCTS_DIR; };
		8628A21026EDFEFC0004331B /* CoreDataPracTests.swift */ = {isa = PBXFileReference; lastKnownFileType = sourcecode.swift; path = CoreDataPracTests.swift; sourceTree = "<group>"; };
		8628A21626EDFEFC0004331B /* CoreDataPracUITests.xctest */ = {isa = PBXFileReference; explicitFileType = wrapper.cfbundle; includeInIndex = 0; path = CoreDataPracUITests.xctest; sourceTree = BUILT_PRODUCTS_DIR; };
		8628A21A26EDFEFC0004331B /* CoreDataPracUITests.swift */ = {isa = PBXFileReference; lastKnownFileType = sourcecode.swift; path = CoreDataPracUITests.swift; sourceTree = "<group>"; };
		8628A21C26EDFEFC0004331B /* CoreDataPracUITestsLaunchTests.swift */ = {isa = PBXFileReference; lastKnownFileType = sourcecode.swift; path = CoreDataPracUITestsLaunchTests.swift; sourceTree = "<group>"; };
		8628A22926EDFFEC0004331B /* Family+CoreDataClass.swift */ = {isa = PBXFileReference; lastKnownFileType = sourcecode.swift; path = "Family+CoreDataClass.swift"; sourceTree = "<group>"; };
		8628A22A26EDFFEC0004331B /* Family+CoreDataProperties.swift */ = {isa = PBXFileReference; lastKnownFileType = sourcecode.swift; path = "Family+CoreDataProperties.swift"; sourceTree = "<group>"; };
		8628A22B26EDFFEC0004331B /* Person+CoreDataClass.swift */ = {isa = PBXFileReference; lastKnownFileType = sourcecode.swift; path = "Person+CoreDataClass.swift"; sourceTree = "<group>"; };
		8628A22C26EDFFEC0004331B /* Person+CoreDataProperties.swift */ = {isa = PBXFileReference; lastKnownFileType = sourcecode.swift; path = "Person+CoreDataProperties.swift"; sourceTree = "<group>"; };
/* End PBXFileReference section */

/* Begin PBXFrameworksBuildPhase section */
		8628A1F426EDFEF70004331B /* Frameworks */ = {
			isa = PBXFrameworksBuildPhase;
			buildActionMask = 2147483647;
			files = (
			);
			runOnlyForDeploymentPostprocessing = 0;
		};
		8628A20926EDFEFC0004331B /* Frameworks */ = {
			isa = PBXFrameworksBuildPhase;
			buildActionMask = 2147483647;
			files = (
			);
			runOnlyForDeploymentPostprocessing = 0;
		};
		8628A21326EDFEFC0004331B /* Frameworks */ = {
			isa = PBXFrameworksBuildPhase;
			buildActionMask = 2147483647;
			files = (
			);
			runOnlyForDeploymentPostprocessing = 0;
		};
/* End PBXFrameworksBuildPhase section */

/* Begin PBXGroup section */
		8628A1EE26EDFEF70004331B = {
			isa = PBXGroup;
			children = (
				8628A22926EDFFEC0004331B /* Family+CoreDataClass.swift */,
				8628A22A26EDFFEC0004331B /* Family+CoreDataProperties.swift */,
				8628A22B26EDFFEC0004331B /* Person+CoreDataClass.swift */,
				8628A22C26EDFFEC0004331B /* Person+CoreDataProperties.swift */,
				8628A1F926EDFEF70004331B /* CoreDataPrac */,
				8628A20F26EDFEFC0004331B /* CoreDataPracTests */,
				8628A21926EDFEFC0004331B /* CoreDataPracUITests */,
				8628A1F826EDFEF70004331B /* Products */,
			);
			sourceTree = "<group>";
		};
		8628A1F826EDFEF70004331B /* Products */ = {
			isa = PBXGroup;
			children = (
				8628A1F726EDFEF70004331B /* CoreDataPrac.app */,
				8628A20C26EDFEFC0004331B /* CoreDataPracTests.xctest */,
				8628A21626EDFEFC0004331B /* CoreDataPracUITests.xctest */,
			);
			name = Products;
			sourceTree = "<group>";
		};
		8628A1F926EDFEF70004331B /* CoreDataPrac */ = {
			isa = PBXGroup;
			children = (
				8628A1FA26EDFEF70004331B /* CoreDataPracApp.swift */,
				8628A1FC26EDFEF70004331B /* ContentView.swift */,
				8628A1FE26EDFEFC0004331B /* Assets.xcassets */,
				8628A20326EDFEFC0004331B /* Persistence.swift */,
				8628A20526EDFEFC0004331B /* CoreDataPrac.xcdatamodeld */,
				8628A20026EDFEFC0004331B /* Preview Content */,
			);
			path = CoreDataPrac;
			sourceTree = "<group>";
		};
		8628A20026EDFEFC0004331B /* Preview Content */ = {
			isa = PBXGroup;
			children = (
				8628A20126EDFEFC0004331B /* Preview Assets.xcassets */,
			);
			path = "Preview Content";
			sourceTree = "<group>";
		};
		8628A20F26EDFEFC0004331B /* CoreDataPracTests */ = {
			isa = PBXGroup;
			children = (
				8628A21026EDFEFC0004331B /* CoreDataPracTests.swift */,
			);
			path = CoreDataPracTests;
			sourceTree = "<group>";
		};
		8628A21926EDFEFC0004331B /* CoreDataPracUITests */ = {
			isa = PBXGroup;
			children = (
				8628A21A26EDFEFC0004331B /* CoreDataPracUITests.swift */,
				8628A21C26EDFEFC0004331B /* CoreDataPracUITestsLaunchTests.swift */,
			);
			path = CoreDataPracUITests;
			sourceTree = "<group>";
		};
/* End PBXGroup section */

/* Begin PBXNativeTarget section */
		8628A1F626EDFEF70004331B /* CoreDataPrac */ = {
			isa = PBXNativeTarget;
			buildConfigurationList = 8628A22026EDFEFC0004331B /* Build configuration list for PBXNativeTarget "CoreDataPrac" */;
			buildPhases = (
				8628A1F326EDFEF70004331B /* Sources */,
				8628A1F426EDFEF70004331B /* Frameworks */,
				8628A1F526EDFEF70004331B /* Resources */,
			);
			buildRules = (
			);
			dependencies = (
			);
			name = CoreDataPrac;
			productName = CoreDataPrac;
			productReference = 8628A1F726EDFEF70004331B /* CoreDataPrac.app */;
			productType = "com.apple.product-type.application";
		};
		8628A20B26EDFEFC0004331B /* CoreDataPracTests */ = {
			isa = PBXNativeTarget;
			buildConfigurationList = 8628A22326EDFEFC0004331B /* Build configuration list for PBXNativeTarget "CoreDataPracTests" */;
			buildPhases = (
				8628A20826EDFEFC0004331B /* Sources */,
				8628A20926EDFEFC0004331B /* Frameworks */,
				8628A20A26EDFEFC0004331B /* Resources */,
			);
			buildRules = (
			);
			dependencies = (
				8628A20E26EDFEFC0004331B /* PBXTargetDependency */,
			);
			name = CoreDataPracTests;
			productName = CoreDataPracTests;
			productReference = 8628A20C26EDFEFC0004331B /* CoreDataPracTests.xctest */;
			productType = "com.apple.product-type.bundle.unit-test";
		};
		8628A21526EDFEFC0004331B /* CoreDataPracUITests */ = {
			isa = PBXNativeTarget;
			buildConfigurationList = 8628A22626EDFEFC0004331B /* Build configuration list for PBXNativeTarget "CoreDataPracUITests" */;
			buildPhases = (
				8628A21226EDFEFC0004331B /* Sources */,
				8628A21326EDFEFC0004331B /* Frameworks */,
				8628A21426EDFEFC0004331B /* Resources */,
			);
			buildRules = (
			);
			dependencies = (
				8628A21826EDFEFC0004331B /* PBXTargetDependency */,
			);
			name = CoreDataPracUITests;
			productName = CoreDataPracUITests;
			productReference = 8628A21626EDFEFC0004331B /* CoreDataPracUITests.xctest */;
			productType = "com.apple.product-type.bundle.ui-testing";
		};
/* End PBXNativeTarget section */

/* Begin PBXProject section */
		8628A1EF26EDFEF70004331B /* Project object */ = {
			isa = PBXProject;
			attributes = {
				BuildIndependentTargetsInParallel = 1;
				LastSwiftUpdateCheck = 1300;
				LastUpgradeCheck = 1300;
				TargetAttributes = {
					8628A1F626EDFEF70004331B = {
						CreatedOnToolsVersion = 13.0;
					};
					8628A20B26EDFEFC0004331B = {
						CreatedOnToolsVersion = 13.0;
						TestTargetID = 8628A1F626EDFEF70004331B;
					};
					8628A21526EDFEFC0004331B = {
						CreatedOnToolsVersion = 13.0;
						TestTargetID = 8628A1F626EDFEF70004331B;
					};
				};
			};
			buildConfigurationList = 8628A1F226EDFEF70004331B /* Build configuration list for PBXProject "CoreDataPrac" */;
			compatibilityVersion = "Xcode 13.0";
			developmentRegion = en;
			hasScannedForEncodings = 0;
			knownRegions = (
				en,
				Base,
			);
			mainGroup = 8628A1EE26EDFEF70004331B;
			productRefGroup = 8628A1F826EDFEF70004331B /* Products */;
			projectDirPath = "";
			projectRoot = "";
			targets = (
				8628A1F626EDFEF70004331B /* CoreDataPrac */,
				8628A20B26EDFEFC0004331B /* CoreDataPracTests */,
				8628A21526EDFEFC0004331B /* CoreDataPracUITests */,
			);
		};
/* End PBXProject section */

/* Begin PBXResourcesBuildPhase section */
		8628A1F526EDFEF70004331B /* Resources */ = {
			isa = PBXResourcesBuildPhase;
			buildActionMask = 2147483647;
			files = (
				8628A20226EDFEFC0004331B /* Preview Assets.xcassets in Resources */,
				8628A1FF26EDFEFC0004331B /* Assets.xcassets in Resources */,
			);
			runOnlyForDeploymentPostprocessing = 0;
		};
		8628A20A26EDFEFC0004331B /* Resources */ = {
			isa = PBXResourcesBuildPhase;
			buildActionMask = 2147483647;
			files = (
			);
			runOnlyForDeploymentPostprocessing = 0;
		};
		8628A21426EDFEFC0004331B /* Resources */ = {
			isa = PBXResourcesBuildPhase;
			buildActionMask = 2147483647;
			files = (
			);
			runOnlyForDeploymentPostprocessing = 0;
		};
/* End PBXResourcesBuildPhase section */

/* Begin PBXSourcesBuildPhase section */
		8628A1F326EDFEF70004331B /* Sources */ = {
			isa = PBXSourcesBuildPhase;
			buildActionMask = 2147483647;
			files = (
				8628A20426EDFEFC0004331B /* Persistence.swift in Sources */,
				8628A22F26EDFFEC0004331B /* Person+CoreDataClass.swift in Sources */,
				8628A22D26EDFFEC0004331B /* Family+CoreDataClass.swift in Sources */,
				8628A1FD26EDFEF70004331B /* ContentView.swift in Sources */,
				8628A23026EDFFEC0004331B /* Person+CoreDataProperties.swift in Sources */,
				8628A22E26EDFFEC0004331B /* Family+CoreDataProperties.swift in Sources */,
				8628A20726EDFEFC0004331B /* CoreDataPrac.xcdatamodeld in Sources */,
				8628A1FB26EDFEF70004331B /* CoreDataPracApp.swift in Sources */,
			);
			runOnlyForDeploymentPostprocessing = 0;
		};
		8628A20826EDFEFC0004331B /* Sources */ = {
			isa = PBXSourcesBuildPhase;
			buildActionMask = 2147483647;
			files = (
				8628A21126EDFEFC0004331B /* CoreDataPracTests.swift in Sources */,
			);
			runOnlyForDeploymentPostprocessing = 0;
		};
		8628A21226EDFEFC0004331B /* Sources */ = {
			isa = PBXSourcesBuildPhase;
			buildActionMask = 2147483647;
			files = (
				8628A21B26EDFEFC0004331B /* CoreDataPracUITests.swift in Sources */,
				8628A21D26EDFEFC0004331B /* CoreDataPracUITestsLaunchTests.swift in Sources */,
			);
			runOnlyForDeploymentPostprocessing = 0;
		};
/* End PBXSourcesBuildPhase section */

/* Begin PBXTargetDependency section */
		8628A20E26EDFEFC0004331B /* PBXTargetDependency */ = {
			isa = PBXTargetDependency;
			target = 8628A1F626EDFEF70004331B /* CoreDataPrac */;
			targetProxy = 8628A20D26EDFEFC0004331B /* PBXContainerItemProxy */;
		};
		8628A21826EDFEFC0004331B /* PBXTargetDependency */ = {
			isa = PBXTargetDependency;
			target = 8628A1F626EDFEF70004331B /* CoreDataPrac */;
			targetProxy = 8628A21726EDFEFC0004331B /* PBXContainerItemProxy */;
		};
/* End PBXTargetDependency section */

/* Begin XCBuildConfiguration section */
		8628A21E26EDFEFC0004331B /* Debug */ = {
			isa = XCBuildConfiguration;
			buildSettings = {
				ALWAYS_SEARCH_USER_PATHS = NO;
				CLANG_ANALYZER_NONNULL = YES;
				CLANG_ANALYZER_NUMBER_OBJECT_CONVERSION = YES_AGGRESSIVE;
				CLANG_CXX_LANGUAGE_STANDARD = "gnu++17";
				CLANG_CXX_LIBRARY = "libc++";
				CLANG_ENABLE_MODULES = YES;
				CLANG_ENABLE_OBJC_ARC = YES;
				CLANG_ENABLE_OBJC_WEAK = YES;
				CLANG_WARN_BLOCK_CAPTURE_AUTORELEASING = YES;
				CLANG_WARN_BOOL_CONVERSION = YES;
				CLANG_WARN_COMMA = YES;
				CLANG_WARN_CONSTANT_CONVERSION = YES;
				CLANG_WARN_DEPRECATED_OBJC_IMPLEMENTATIONS = YES;
				CLANG_WARN_DIRECT_OBJC_ISA_USAGE = YES_ERROR;
				CLANG_WARN_DOCUMENTATION_COMMENTS = YES;
				CLANG_WARN_EMPTY_BODY = YES;
				CLANG_WARN_ENUM_CONVERSION = YES;
				CLANG_WARN_INFINITE_RECURSION = YES;
				CLANG_WARN_INT_CONVERSION = YES;
				CLANG_WARN_NON_LITERAL_NULL_CONVERSION = YES;
				CLANG_WARN_OBJC_IMPLICIT_RETAIN_SELF = YES;
				CLANG_WARN_OBJC_LITERAL_CONVERSION = YES;
				CLANG_WARN_OBJC_ROOT_CLASS = YES_ERROR;
				CLANG_WARN_QUOTED_INCLUDE_IN_FRAMEWORK_HEADER = YES;
				CLANG_WARN_RANGE_LOOP_ANALYSIS = YES;
				CLANG_WARN_STRICT_PROTOTYPES = YES;
				CLANG_WARN_SUSPICIOUS_MOVE = YES;
				CLANG_WARN_UNGUARDED_AVAILABILITY = YES_AGGRESSIVE;
				CLANG_WARN_UNREACHABLE_CODE = YES;
				CLANG_WARN__DUPLICATE_METHOD_MATCH = YES;
				COPY_PHASE_STRIP = NO;
				DEBUG_INFORMATION_FORMAT = dwarf;
				ENABLE_STRICT_OBJC_MSGSEND = YES;
				ENABLE_TESTABILITY = YES;
				GCC_C_LANGUAGE_STANDARD = gnu11;
				GCC_DYNAMIC_NO_PIC = NO;
				GCC_NO_COMMON_BLOCKS = YES;
				GCC_OPTIMIZATION_LEVEL = 0;
				GCC_PREPROCESSOR_DEFINITIONS = (
					"DEBUG=1",
					"$(inherited)",
				);
				GCC_WARN_64_TO_32_BIT_CONVERSION = YES;
				GCC_WARN_ABOUT_RETURN_TYPE = YES_ERROR;
				GCC_WARN_UNDECLARED_SELECTOR = YES;
				GCC_WARN_UNINITIALIZED_AUTOS = YES_AGGRESSIVE;
				GCC_WARN_UNUSED_FUNCTION = YES;
				GCC_WARN_UNUSED_VARIABLE = YES;
				IPHONEOS_DEPLOYMENT_TARGET = 15.0;
				MTL_ENABLE_DEBUG_INFO = INCLUDE_SOURCE;
				MTL_FAST_MATH = YES;
				ONLY_ACTIVE_ARCH = YES;
				SDKROOT = iphoneos;
				SWIFT_ACTIVE_COMPILATION_CONDITIONS = DEBUG;
				SWIFT_OPTIMIZATION_LEVEL = "-Onone";
			};
			name = Debug;
		};
		8628A21F26EDFEFC0004331B /* Release */ = {
			isa = XCBuildConfiguration;
			buildSettings = {
				ALWAYS_SEARCH_USER_PATHS = NO;
				CLANG_ANALYZER_NONNULL = YES;
				CLANG_ANALYZER_NUMBER_OBJECT_CONVERSION = YES_AGGRESSIVE;
				CLANG_CXX_LANGUAGE_STANDARD = "gnu++17";
				CLANG_CXX_LIBRARY = "libc++";
				CLANG_ENABLE_MODULES = YES;
				CLANG_ENABLE_OBJC_ARC = YES;
				CLANG_ENABLE_OBJC_WEAK = YES;
				CLANG_WARN_BLOCK_CAPTURE_AUTORELEASING = YES;
				CLANG_WARN_BOOL_CONVERSION = YES;
				CLANG_WARN_COMMA = YES;
				CLANG_WARN_CONSTANT_CONVERSION = YES;
				CLANG_WARN_DEPRECATED_OBJC_IMPLEMENTATIONS = YES;
				CLANG_WARN_DIRECT_OBJC_ISA_USAGE = YES_ERROR;
				CLANG_WARN_DOCUMENTATION_COMMENTS = YES;
				CLANG_WARN_EMPTY_BODY = YES;
				CLANG_WARN_ENUM_CONVERSION = YES;
				CLANG_WARN_INFINITE_RECURSION = YES;
				CLANG_WARN_INT_CONVERSION = YES;
				CLANG_WARN_NON_LITERAL_NULL_CONVERSION = YES;
				CLANG_WARN_OBJC_IMPLICIT_RETAIN_SELF = YES;
				CLANG_WARN_OBJC_LITERAL_CONVERSION = YES;
				CLANG_WARN_OBJC_ROOT_CLASS = YES_ERROR;
				CLANG_WARN_QUOTED_INCLUDE_IN_FRAMEWORK_HEADER = YES;
				CLANG_WARN_RANGE_LOOP_ANALYSIS = YES;
				CLANG_WARN_STRICT_PROTOTYPES = YES;
				CLANG_WARN_SUSPICIOUS_MOVE = YES;
				CLANG_WARN_UNGUARDED_AVAILABILITY = YES_AGGRESSIVE;
				CLANG_WARN_UNREACHABLE_CODE = YES;
				CLANG_WARN__DUPLICATE_METHOD_MATCH = YES;
				COPY_PHASE_STRIP = NO;
				DEBUG_INFORMATION_FORMAT = "dwarf-with-dsym";
				ENABLE_NS_ASSERTIONS = NO;
				ENABLE_STRICT_OBJC_MSGSEND = YES;
				GCC_C_LANGUAGE_STANDARD = gnu11;
				GCC_NO_COMMON_BLOCKS = YES;
				GCC_WARN_64_TO_32_BIT_CONVERSION = YES;
				GCC_WARN_ABOUT_RETURN_TYPE = YES_ERROR;
				GCC_WARN_UNDECLARED_SELECTOR = YES;
				GCC_WARN_UNINITIALIZED_AUTOS = YES_AGGRESSIVE;
				GCC_WARN_UNUSED_FUNCTION = YES;
				GCC_WARN_UNUSED_VARIABLE = YES;
				IPHONEOS_DEPLOYMENT_TARGET = 15.0;
				MTL_ENABLE_DEBUG_INFO = NO;
				MTL_FAST_MATH = YES;
				SDKROOT = iphoneos;
				SWIFT_COMPILATION_MODE = wholemodule;
				SWIFT_OPTIMIZATION_LEVEL = "-O";
				VALIDATE_PRODUCT = YES;
			};
			name = Release;
		};
		8628A22126EDFEFC0004331B /* Debug */ = {
			isa = XCBuildConfiguration;
			buildSettings = {
				ASSETCATALOG_COMPILER_APPICON_NAME = AppIcon;
				ASSETCATALOG_COMPILER_GLOBAL_ACCENT_COLOR_NAME = AccentColor;
				CODE_SIGN_STYLE = Automatic;
				CURRENT_PROJECT_VERSION = 1;
				DEVELOPMENT_ASSET_PATHS = "\"CoreDataPrac/Preview Content\"";
				DEVELOPMENT_TEAM = 78H2K74BFK;
				ENABLE_PREVIEWS = YES;
				GENERATE_INFOPLIST_FILE = YES;
				INFOPLIST_KEY_UIApplicationSceneManifest_Generation = YES;
				INFOPLIST_KEY_UIApplicationSupportsIndirectInputEvents = YES;
				INFOPLIST_KEY_UILaunchScreen_Generation = YES;
				INFOPLIST_KEY_UISupportedInterfaceOrientations_iPad = "UIInterfaceOrientationPortrait UIInterfaceOrientationPortraitUpsideDown UIInterfaceOrientationLandscapeLeft UIInterfaceOrientationLandscapeRight";
				INFOPLIST_KEY_UISupportedInterfaceOrientations_iPhone = "UIInterfaceOrientationPortrait UIInterfaceOrientationLandscapeLeft UIInterfaceOrientationLandscapeRight";
				IPHONEOS_DEPLOYMENT_TARGET = 14.0;
				LD_RUNPATH_SEARCH_PATHS = (
					"$(inherited)",
					"@executable_path/Frameworks",
				);
				MARKETING_VERSION = 1.0;
				PRODUCT_BUNDLE_IDENTIFIER = io.AndyLEE.CoreDataPrac;
				PRODUCT_NAME = "$(TARGET_NAME)";
				SWIFT_EMIT_LOC_STRINGS = YES;
				SWIFT_VERSION = 5.0;
				TARGETED_DEVICE_FAMILY = "1,2";
			};
			name = Debug;
		};
		8628A22226EDFEFC0004331B /* Release */ = {
			isa = XCBuildConfiguration;
			buildSettings = {
				ASSETCATALOG_COMPILER_APPICON_NAME = AppIcon;
				ASSETCATALOG_COMPILER_GLOBAL_ACCENT_COLOR_NAME = AccentColor;
				CODE_SIGN_STYLE = Automatic;
				CURRENT_PROJECT_VERSION = 1;
				DEVELOPMENT_ASSET_PATHS = "\"CoreDataPrac/Preview Content\"";
				DEVELOPMENT_TEAM = 78H2K74BFK;
				ENABLE_PREVIEWS = YES;
				GENERATE_INFOPLIST_FILE = YES;
				INFOPLIST_KEY_UIApplicationSceneManifest_Generation = YES;
				INFOPLIST_KEY_UIApplicationSupportsIndirectInputEvents = YES;
				INFOPLIST_KEY_UILaunchScreen_Generation = YES;
				INFOPLIST_KEY_UISupportedInterfaceOrientations_iPad = "UIInterfaceOrientationPortrait UIInterfaceOrientationPortraitUpsideDown UIInterfaceOrientationLandscapeLeft UIInterfaceOrientationLandscapeRight";
				INFOPLIST_KEY_UISupportedInterfaceOrientations_iPhone = "UIInterfaceOrientationPortrait UIInterfaceOrientationLandscapeLeft UIInterfaceOrientationLandscapeRight";
				IPHONEOS_DEPLOYMENT_TARGET = 14.0;
				LD_RUNPATH_SEARCH_PATHS = (
					"$(inherited)",
					"@executable_path/Frameworks",
				);
				MARKETING_VERSION = 1.0;
				PRODUCT_BUNDLE_IDENTIFIER = io.AndyLEE.CoreDataPrac;
				PRODUCT_NAME = "$(TARGET_NAME)";
				SWIFT_EMIT_LOC_STRINGS = YES;
				SWIFT_VERSION = 5.0;
				TARGETED_DEVICE_FAMILY = "1,2";
			};
			name = Release;
		};
		8628A22426EDFEFC0004331B /* Debug */ = {
			isa = XCBuildConfiguration;
			buildSettings = {
				ALWAYS_EMBED_SWIFT_STANDARD_LIBRARIES = YES;
				BUNDLE_LOADER = "$(TEST_HOST)";
				CODE_SIGN_STYLE = Automatic;
				CURRENT_PROJECT_VERSION = 1;
				DEVELOPMENT_TEAM = 78H2K74BFK;
				GENERATE_INFOPLIST_FILE = YES;
				IPHONEOS_DEPLOYMENT_TARGET = 14.0;
				LD_RUNPATH_SEARCH_PATHS = (
					"$(inherited)",
					"@executable_path/Frameworks",
					"@loader_path/Frameworks",
				);
				MARKETING_VERSION = 1.0;
				PRODUCT_BUNDLE_IDENTIFIER = io.AndyLEE.CoreDataPracTests;
				PRODUCT_NAME = "$(TARGET_NAME)";
				SWIFT_EMIT_LOC_STRINGS = NO;
				SWIFT_VERSION = 5.0;
				TARGETED_DEVICE_FAMILY = "1,2";
				TEST_HOST = "$(BUILT_PRODUCTS_DIR)/CoreDataPrac.app/CoreDataPrac";
			};
			name = Debug;
		};
		8628A22526EDFEFC0004331B /* Release */ = {
			isa = XCBuildConfiguration;
			buildSettings = {
				ALWAYS_EMBED_SWIFT_STANDARD_LIBRARIES = YES;
				BUNDLE_LOADER = "$(TEST_HOST)";
				CODE_SIGN_STYLE = Automatic;
				CURRENT_PROJECT_VERSION = 1;
				DEVELOPMENT_TEAM = 78H2K74BFK;
				GENERATE_INFOPLIST_FILE = YES;
				IPHONEOS_DEPLOYMENT_TARGET = 14.0;
				LD_RUNPATH_SEARCH_PATHS = (
					"$(inherited)",
					"@executable_path/Frameworks",
					"@loader_path/Frameworks",
				);
				MARKETING_VERSION = 1.0;
				PRODUCT_BUNDLE_IDENTIFIER = io.AndyLEE.CoreDataPracTests;
				PRODUCT_NAME = "$(TARGET_NAME)";
				SWIFT_EMIT_LOC_STRINGS = NO;
				SWIFT_VERSION = 5.0;
				TARGETED_DEVICE_FAMILY = "1,2";
				TEST_HOST = "$(BUILT_PRODUCTS_DIR)/CoreDataPrac.app/CoreDataPrac";
			};
			name = Release;
		};
		8628A22726EDFEFC0004331B /* Debug */ = {
			isa = XCBuildConfiguration;
			buildSettings = {
				ALWAYS_EMBED_SWIFT_STANDARD_LIBRARIES = YES;
				CODE_SIGN_STYLE = Automatic;
				CURRENT_PROJECT_VERSION = 1;
				DEVELOPMENT_TEAM = 78H2K74BFK;
				GENERATE_INFOPLIST_FILE = YES;
				LD_RUNPATH_SEARCH_PATHS = (
					"$(inherited)",
					"@executable_path/Frameworks",
					"@loader_path/Frameworks",
				);
				MARKETING_VERSION = 1.0;
				PRODUCT_BUNDLE_IDENTIFIER = io.AndyLEE.CoreDataPracUITests;
				PRODUCT_NAME = "$(TARGET_NAME)";
				SWIFT_EMIT_LOC_STRINGS = NO;
				SWIFT_VERSION = 5.0;
				TARGETED_DEVICE_FAMILY = "1,2";
				TEST_TARGET_NAME = CoreDataPrac;
			};
			name = Debug;
		};
		8628A22826EDFEFC0004331B /* Release */ = {
			isa = XCBuildConfiguration;
			buildSettings = {
				ALWAYS_EMBED_SWIFT_STANDARD_LIBRARIES = YES;
				CODE_SIGN_STYLE = Automatic;
				CURRENT_PROJECT_VERSION = 1;
				DEVELOPMENT_TEAM = 78H2K74BFK;
				GENERATE_INFOPLIST_FILE = YES;
				LD_RUNPATH_SEARCH_PATHS = (
					"$(inherited)",
					"@executable_path/Frameworks",
					"@loader_path/Frameworks",
				);
				MARKETING_VERSION = 1.0;
				PRODUCT_BUNDLE_IDENTIFIER = io.AndyLEE.CoreDataPracUITests;
				PRODUCT_NAME = "$(TARGET_NAME)";
				SWIFT_EMIT_LOC_STRINGS = NO;
				SWIFT_VERSION = 5.0;
				TARGETED_DEVICE_FAMILY = "1,2";
				TEST_TARGET_NAME = CoreDataPrac;
			};
			name = Release;
		};
/* End XCBuildConfiguration section */

/* Begin XCConfigurationList section */
		8628A1F226EDFEF70004331B /* Build configuration list for PBXProject "CoreDataPrac" */ = {
			isa = XCConfigurationList;
			buildConfigurations = (
				8628A21E26EDFEFC0004331B /* Debug */,
				8628A21F26EDFEFC0004331B /* Release */,
			);
			defaultConfigurationIsVisible = 0;
			defaultConfigurationName = Release;
		};
		8628A22026EDFEFC0004331B /* Build configuration list for PBXNativeTarget "CoreDataPrac" */ = {
			isa = XCConfigurationList;
			buildConfigurations = (
				8628A22126EDFEFC0004331B /* Debug */,
				8628A22226EDFEFC0004331B /* Release */,
			);
			defaultConfigurationIsVisible = 0;
			defaultConfigurationName = Release;
		};
		8628A22326EDFEFC0004331B /* Build configuration list for PBXNativeTarget "CoreDataPracTests" */ = {
			isa = XCConfigurationList;
			buildConfigurations = (
				8628A22426EDFEFC0004331B /* Debug */,
				8628A22526EDFEFC0004331B /* Release */,
			);
			defaultConfigurationIsVisible = 0;
			defaultConfigurationName = Release;
		};
		8628A22626EDFEFC0004331B /* Build configuration list for PBXNativeTarget "CoreDataPracUITests" */ = {
			isa = XCConfigurationList;
			buildConfigurations = (
				8628A22726EDFEFC0004331B /* Debug */,
				8628A22826EDFEFC0004331B /* Release */,
			);
			defaultConfigurationIsVisible = 0;
			defaultConfigurationName = Release;
		};
/* End XCConfigurationList section */

/* Begin XCVersionGroup section */
		8628A20526EDFEFC0004331B /* CoreDataPrac.xcdatamodeld */ = {
			isa = XCVersionGroup;
			children = (
				8628A20626EDFEFC0004331B /* CoreDataPrac.xcdatamodel */,
			);
			currentVersion = 8628A20626EDFEFC0004331B /* CoreDataPrac.xcdatamodel */;
			path = CoreDataPrac.xcdatamodeld;
			sourceTree = "<group>";
			versionGroupType = wrapper.xcdatamodel;
		};
/* End XCVersionGroup section */
	};
	rootObject = 8628A1EF26EDFEF70004331B /* Project object */;
}
